{
  "name": "gibberish-htmls",
  "version": "1.0.0",
  "lockfileVersion": 1,
  "requires": true,
  "dependencies": {
    "gibberish-generator": {
      "version": "git://github.com/COANelmejor/gibberish-generator.git#9e433b22c7d5000476cb66ae4a042b4d00f81a4e",
      "from": "git://github.com/COANelmejor/gibberish-generator.git"
    }
  }
}
